
Microsoft Visual Studio Solution File, Format Version 12.00
# Visual Studio Version 16
VisualStudioVersion = 16.0.30204.135
MinimumVisualStudioVersion = 10.0.40219.1
Project("{FAE04EC0-301F-11D3-BF4B-00C04F79EFBC}") = "ConsoleUI", "ConsoleUI\ConsoleUI.csproj", "{B4297CB8-7C3B-404F-91D0-81C6874DD0A0}"
EndProject
Project("{FAE04EC0-301F-11D3-BF4B-00C04F79EFBC}") = "DemoLibrary", "DemoLibrary\DemoLibrary.csproj", "{B6FCBEA5-2D72-4160-BBFF-107C0DE72B01}"
EndProject
Global
	GlobalSection(SolutionConfigurationPlatforms) = preSolution
		Debug|Any CPU = Debug|Any CPU
		Release|Any CPU = Release|Any CPU
	EndGlobalSection
	GlobalSection(ProjectConfigurationPlatforms) = postSolution
		{B4297CB8-7C3B-404F-91D0-81C6874DD0A0}.Debug|Any CPU.ActiveCfg = Debug|Any CPU
		{B4297CB8-7C3B-404F-91D0-81C6874DD0A0}.Debug|Any CPU.Build.0 = Debug|Any CPU
		{B4297CB8-7C3B-404F-91D0-81C6874DD0A0}.Release|Any CPU.ActiveCfg = Release|Any CPU
		{B4297CB8-7C3B-404F-91D0-81C6874DD0A0}.Release|Any CPU.Build.0 = Release|Any CPU
		{B6FCBEA5-2D72-4160-BBFF-107C0DE72B01}.Debug|Any CPU.ActiveCfg = Debug|Any CPU
		{B6FCBEA5-2D72-4160-BBFF-107C0DE72B01}.Debug|Any CPU.Build.0 = Debug|Any CPU
		{B6FCBEA5-2D72-4160-BBFF-107C0DE72B01}.Release|Any CPU.ActiveCfg = Release|Any CPU
		{B6FCBEA5-2D72-4160-BBFF-107C0DE72B01}.Release|Any CPU.Build.0 = Release|Any CPU
	EndGlobalSection
	GlobalSection(SolutionProperties) = preSolution
		HideSolutionNode = FALSE
	EndGlobalSection
	GlobalSection(ExtensibilityGlobals) = postSolution
		SolutionGuid = {1E421075-3C3C-4CE7-B260-6EB84A5B1693}
	EndGlobalSection
EndGlobal
